
Microsoft Visual Studio Solution File, Format Version 12.00
# Visual Studio Version 16
VisualStudioVersion = 16.0.30204.135
MinimumVisualStudioVersion = 10.0.40219.1
Project("{FAE04EC0-301F-11D3-BF4B-00C04F79EFBC}") = "ArtOfUnitTesting", "ArtOfUnitTesting.csproj", "{5A606AD7-11C2-468F-B196-B14BC06163FE}"
EndProject
Project("{FAE04EC0-301F-11D3-BF4B-00C04F79EFBC}") = "LogAn", "..\LogAn\LogAn.csproj", "{34E9C2CC-D91B-45E0-9922-0F87C5A4F62E}"
EndProject
Project("{FAE04EC0-301F-11D3-BF4B-00C04F79EFBC}") = "LogAn.UnitTests", "..\LogAn.UnitTests\LogAn.UnitTests.csproj", "{BD8E21E5-2229-4D3E-800C-0738191CC1D2}"
EndProject
Global
	GlobalSection(SolutionConfigurationPlatforms) = preSolution
		Debug|Any CPU = Debug|Any CPU
		Release|Any CPU = Release|Any CPU
	EndGlobalSection
	GlobalSection(ProjectConfigurationPlatforms) = postSolution
		{5A606AD7-11C2-468F-B196-B14BC06163FE}.Debug|Any CPU.ActiveCfg = Debug|Any CPU
		{5A606AD7-11C2-468F-B196-B14BC06163FE}.Debug|Any CPU.Build.0 = Debug|Any CPU
		{5A606AD7-11C2-468F-B196-B14BC06163FE}.Release|Any CPU.ActiveCfg = Release|Any CPU
		{5A606AD7-11C2-468F-B196-B14BC06163FE}.Release|Any CPU.Build.0 = Release|Any CPU
		{34E9C2CC-D91B-45E0-9922-0F87C5A4F62E}.Debug|Any CPU.ActiveCfg = Debug|Any CPU
		{34E9C2CC-D91B-45E0-9922-0F87C5A4F62E}.Debug|Any CPU.Build.0 = Debug|Any CPU
		{34E9C2CC-D91B-45E0-9922-0F87C5A4F62E}.Release|Any CPU.ActiveCfg = Release|Any CPU
		{34E9C2CC-D91B-45E0-9922-0F87C5A4F62E}.Release|Any CPU.Build.0 = Release|Any CPU
		{BD8E21E5-2229-4D3E-800C-0738191CC1D2}.Debug|Any CPU.ActiveCfg = Debug|Any CPU
		{BD8E21E5-2229-4D3E-800C-0738191CC1D2}.Debug|Any CPU.Build.0 = Debug|Any CPU
		{BD8E21E5-2229-4D3E-800C-0738191CC1D2}.Release|Any CPU.ActiveCfg = Release|Any CPU
		{BD8E21E5-2229-4D3E-800C-0738191CC1D2}.Release|Any CPU.Build.0 = Release|Any CPU
	EndGlobalSection
	GlobalSection(SolutionProperties) = preSolution
		HideSolutionNode = FALSE
	EndGlobalSection
	GlobalSection(ExtensibilityGlobals) = postSolution
		SolutionGuid = {57FE31D6-552E-4481-98F8-C1B6B03699FA}
	EndGlobalSection
EndGlobal
